
Microsoft Visual Studio Solution File, Format Version 12.00
# Visual Studio Version 17
VisualStudioVersion = 17.9.34622.214
MinimumVisualStudioVersion = 10.0.40219.1
Project("{FAE04EC0-301F-11D3-BF4B-00C04F79EFBC}") = "JWT", "JWT\JWT.csproj", "{57EA7051-E460-4FCE-9986-5498181CAC41}"
EndProject
Global
	GlobalSection(SolutionConfigurationPlatforms) = preSolution
		Debug|Any CPU = Debug|Any CPU
		Release|Any CPU = Release|Any CPU
	EndGlobalSection
	GlobalSection(ProjectConfigurationPlatforms) = postSolution
		{57EA7051-E460-4FCE-9986-5498181CAC41}.Debug|Any CPU.ActiveCfg = Debug|Any CPU
		{57EA7051-E460-4FCE-9986-5498181CAC41}.Debug|Any CPU.Build.0 = Debug|Any CPU
		{57EA7051-E460-4FCE-9986-5498181CAC41}.Release|Any CPU.ActiveCfg = Release|Any CPU
		{57EA7051-E460-4FCE-9986-5498181CAC41}.Release|Any CPU.Build.0 = Release|Any CPU
	EndGlobalSection
	GlobalSection(SolutionProperties) = preSolution
		HideSolutionNode = FALSE
	EndGlobalSection
	GlobalSection(ExtensibilityGlobals) = postSolution
		SolutionGuid = {19C360CE-0019-461C-9C93-F0BC32A5D3AB}
	EndGlobalSection
EndGlobal
